
Microsoft Visual Studio Solution File, Format Version 12.00
# Visual Studio Version 17
VisualStudioVersion = 17.0.31903.59
MinimumVisualStudioVersion = 10.0.40219.1
Project("{FAE04EC0-301F-11D3-BF4B-00C04F79EFBC}") = "qt1", "qt1\qt1.csproj", "{BC4BFAEB-ECEF-4095-803F-BB1D4D6CCF8F}"
EndProject
Project("{FAE04EC0-301F-11D3-BF4B-00C04F79EFBC}") = "qt2", "qt2\qt2.csproj", "{6E3B3A39-1415-4536-AD32-0D7ACDB64541}"
EndProject
Project("{FAE04EC0-301F-11D3-BF4B-00C04F79EFBC}") = "qt3", "qt3\qt3.csproj", "{32C6189D-FF3F-42B4-ACC9-6F038D7ACC7A}"
EndProject
Project("{FAE04EC0-301F-11D3-BF4B-00C04F79EFBC}") = "qt4", "qt4\qt4.csproj", "{CFC1E255-6F1C-431D-80FE-70DF84D5C999}"
EndProject
Project("{FAE04EC0-301F-11D3-BF4B-00C04F79EFBC}") = "qt5", "qt5\qt5.csproj", "{F498DE19-EDF1-44B2-9D5A-FEB3EAF49E5E}"
EndProject
Global
	GlobalSection(SolutionConfigurationPlatforms) = preSolution
		Debug|Any CPU = Debug|Any CPU
		Release|Any CPU = Release|Any CPU
	EndGlobalSection
	GlobalSection(SolutionProperties) = preSolution
		HideSolutionNode = FALSE
	EndGlobalSection
	GlobalSection(ProjectConfigurationPlatforms) = postSolution
		{BC4BFAEB-ECEF-4095-803F-BB1D4D6CCF8F}.Debug|Any CPU.ActiveCfg = Debug|Any CPU
		{BC4BFAEB-ECEF-4095-803F-BB1D4D6CCF8F}.Debug|Any CPU.Build.0 = Debug|Any CPU
		{BC4BFAEB-ECEF-4095-803F-BB1D4D6CCF8F}.Release|Any CPU.ActiveCfg = Release|Any CPU
		{BC4BFAEB-ECEF-4095-803F-BB1D4D6CCF8F}.Release|Any CPU.Build.0 = Release|Any CPU
		{6E3B3A39-1415-4536-AD32-0D7ACDB64541}.Debug|Any CPU.ActiveCfg = Debug|Any CPU
		{6E3B3A39-1415-4536-AD32-0D7ACDB64541}.Debug|Any CPU.Build.0 = Debug|Any CPU
		{6E3B3A39-1415-4536-AD32-0D7ACDB64541}.Release|Any CPU.ActiveCfg = Release|Any CPU
		{6E3B3A39-1415-4536-AD32-0D7ACDB64541}.Release|Any CPU.Build.0 = Release|Any CPU
		{32C6189D-FF3F-42B4-ACC9-6F038D7ACC7A}.Debug|Any CPU.ActiveCfg = Debug|Any CPU
		{32C6189D-FF3F-42B4-ACC9-6F038D7ACC7A}.Debug|Any CPU.Build.0 = Debug|Any CPU
		{32C6189D-FF3F-42B4-ACC9-6F038D7ACC7A}.Release|Any CPU.ActiveCfg = Release|Any CPU
		{32C6189D-FF3F-42B4-ACC9-6F038D7ACC7A}.Release|Any CPU.Build.0 = Release|Any CPU
		{CFC1E255-6F1C-431D-80FE-70DF84D5C999}.Debug|Any CPU.ActiveCfg = Debug|Any CPU
		{CFC1E255-6F1C-431D-80FE-70DF84D5C999}.Debug|Any CPU.Build.0 = Debug|Any CPU
		{CFC1E255-6F1C-431D-80FE-70DF84D5C999}.Release|Any CPU.ActiveCfg = Release|Any CPU
		{CFC1E255-6F1C-431D-80FE-70DF84D5C999}.Release|Any CPU.Build.0 = Release|Any CPU
		{F498DE19-EDF1-44B2-9D5A-FEB3EAF49E5E}.Debug|Any CPU.ActiveCfg = Debug|Any CPU
		{F498DE19-EDF1-44B2-9D5A-FEB3EAF49E5E}.Debug|Any CPU.Build.0 = Debug|Any CPU
		{F498DE19-EDF1-44B2-9D5A-FEB3EAF49E5E}.Release|Any CPU.ActiveCfg = Release|Any CPU
		{F498DE19-EDF1-44B2-9D5A-FEB3EAF49E5E}.Release|Any CPU.Build.0 = Release|Any CPU
	EndGlobalSection
EndGlobal
